
Microsoft Visual Studio Solution File, Format Version 12.00
# Visual Studio Version 17
VisualStudioVersion = 17.0.31903.59
MinimumVisualStudioVersion = 10.0.40219.1
Project("{2150E333-8FDC-42A3-9474-1A3956D46DE8}") = "src", "src", "{827E0CD3-B72D-47B6-A68D-7590B98EB39B}"
EndProject
Project("{FAE04EC0-301F-11D3-BF4B-00C04F79EFBC}") = "SharedContracts", "src\SharedContracts\SharedContracts.csproj", "{C413B827-CE9B-4D71-89FD-7CD2481CC557}"
EndProject
Project("{2150E333-8FDC-42A3-9474-1A3956D46DE8}") = "UserService", "UserService", "{CB753486-031C-08A7-C788-4C8CBC49DED1}"
EndProject
Project("{FAE04EC0-301F-11D3-BF4B-00C04F79EFBC}") = "UserService.Domain", "src\UserService\UserService.Domain\UserService.Domain.csproj", "{9BC77A27-0EFE-4290-A1BA-D8606549DFAC}"
EndProject
Project("{FAE04EC0-301F-11D3-BF4B-00C04F79EFBC}") = "UserService.Application", "src\UserService\UserService.Application\UserService.Application.csproj", "{4C809038-40DD-4DFC-8D4A-96581EC3034F}"
EndProject
Project("{FAE04EC0-301F-11D3-BF4B-00C04F79EFBC}") = "UserService.Infrastructure", "src\UserService\UserService.Infrastructure\UserService.Infrastructure.csproj", "{A43993A8-55B5-460B-A3C3-6A58F31F61C3}"
EndProject
Project("{FAE04EC0-301F-11D3-BF4B-00C04F79EFBC}") = "UserService.API", "src\UserService\UserService.API\UserService.API.csproj", "{FEE502FB-CEA3-42AB-94EE-91341670F48D}"
EndProject
Project("{FAE04EC0-301F-11D3-BF4B-00C04F79EFBC}") = "UserService.Tests", "src\UserService\UserService.Tests\UserService.Tests.csproj", "{26FFD043-17A4-4471-8B7A-99F52CEAD270}"
EndProject
Project("{2150E333-8FDC-42A3-9474-1A3956D46DE8}") = "ContentService", "ContentService", "{8107E861-C280-C499-84CD-237218396494}"
EndProject
Project("{FAE04EC0-301F-11D3-BF4B-00C04F79EFBC}") = "ContentService.Domain", "src\ContentService\ContentService.Domain\ContentService.Domain.csproj", "{5D01CF69-0DDF-48DD-AEBE-02C6C9249267}"
EndProject
Project("{FAE04EC0-301F-11D3-BF4B-00C04F79EFBC}") = "ContentService.Application", "src\ContentService\ContentService.Application\ContentService.Application.csproj", "{8EA9DF79-84F5-492E-AFDC-D62D30E56D2B}"
EndProject
Project("{FAE04EC0-301F-11D3-BF4B-00C04F79EFBC}") = "ContentService.Infrastructure", "src\ContentService\ContentService.Infrastructure\ContentService.Infrastructure.csproj", "{03266E2C-36D5-49BA-8D71-3996C7B5437D}"
EndProject
Project("{FAE04EC0-301F-11D3-BF4B-00C04F79EFBC}") = "ContentService.API", "src\ContentService\ContentService.API\ContentService.API.csproj", "{4DF4ED0A-B4B6-47B9-AC5A-C707566D8259}"
EndProject
Project("{FAE04EC0-301F-11D3-BF4B-00C04F79EFBC}") = "ContentService.Tests", "src\ContentService\ContentService.Tests\ContentService.Tests.csproj", "{3CAA4C4F-379C-4F61-921A-EAC80A0F7BBC}"
EndProject
Global
	GlobalSection(SolutionConfigurationPlatforms) = preSolution
		Debug|Any CPU = Debug|Any CPU
		Debug|x64 = Debug|x64
		Debug|x86 = Debug|x86
		Release|Any CPU = Release|Any CPU
		Release|x64 = Release|x64
		Release|x86 = Release|x86
	EndGlobalSection
	GlobalSection(ProjectConfigurationPlatforms) = postSolution
		{C413B827-CE9B-4D71-89FD-7CD2481CC557}.Debug|Any CPU.ActiveCfg = Debug|Any CPU
		{C413B827-CE9B-4D71-89FD-7CD2481CC557}.Debug|Any CPU.Build.0 = Debug|Any CPU
		{C413B827-CE9B-4D71-89FD-7CD2481CC557}.Debug|x64.ActiveCfg = Debug|Any CPU
		{C413B827-CE9B-4D71-89FD-7CD2481CC557}.Debug|x64.Build.0 = Debug|Any CPU
		{C413B827-CE9B-4D71-89FD-7CD2481CC557}.Debug|x86.ActiveCfg = Debug|Any CPU
		{C413B827-CE9B-4D71-89FD-7CD2481CC557}.Debug|x86.Build.0 = Debug|Any CPU
		{C413B827-CE9B-4D71-89FD-7CD2481CC557}.Release|Any CPU.ActiveCfg = Release|Any CPU
		{C413B827-CE9B-4D71-89FD-7CD2481CC557}.Release|Any CPU.Build.0 = Release|Any CPU
		{C413B827-CE9B-4D71-89FD-7CD2481CC557}.Release|x64.ActiveCfg = Release|Any CPU
		{C413B827-CE9B-4D71-89FD-7CD2481CC557}.Release|x64.Build.0 = Release|Any CPU
		{C413B827-CE9B-4D71-89FD-7CD2481CC557}.Release|x86.ActiveCfg = Release|Any CPU
		{C413B827-CE9B-4D71-89FD-7CD2481CC557}.Release|x86.Build.0 = Release|Any CPU
		{9BC77A27-0EFE-4290-A1BA-D8606549DFAC}.Debug|Any CPU.ActiveCfg = Debug|Any CPU
		{9BC77A27-0EFE-4290-A1BA-D8606549DFAC}.Debug|Any CPU.Build.0 = Debug|Any CPU
		{9BC77A27-0EFE-4290-A1BA-D8606549DFAC}.Debug|x64.ActiveCfg = Debug|Any CPU
		{9BC77A27-0EFE-4290-A1BA-D8606549DFAC}.Debug|x64.Build.0 = Debug|Any CPU
		{9BC77A27-0EFE-4290-A1BA-D8606549DFAC}.Debug|x86.ActiveCfg = Debug|Any CPU
		{9BC77A27-0EFE-4290-A1BA-D8606549DFAC}.Debug|x86.Build.0 = Debug|Any CPU
		{9BC77A27-0EFE-4290-A1BA-D8606549DFAC}.Release|Any CPU.ActiveCfg = Release|Any CPU
		{9BC77A27-0EFE-4290-A1BA-D8606549DFAC}.Release|Any CPU.Build.0 = Release|Any CPU
		{9BC77A27-0EFE-4290-A1BA-D8606549DFAC}.Release|x64.ActiveCfg = Release|Any CPU
		{9BC77A27-0EFE-4290-A1BA-D8606549DFAC}.Release|x64.Build.0 = Release|Any CPU
		{9BC77A27-0EFE-4290-A1BA-D8606549DFAC}.Release|x86.ActiveCfg = Release|Any CPU
		{9BC77A27-0EFE-4290-A1BA-D8606549DFAC}.Release|x86.Build.0 = Release|Any CPU
		{4C809038-40DD-4DFC-8D4A-96581EC3034F}.Debug|Any CPU.ActiveCfg = Debug|Any CPU
		{4C809038-40DD-4DFC-8D4A-96581EC3034F}.Debug|Any CPU.Build.0 = Debug|Any CPU
		{4C809038-40DD-4DFC-8D4A-96581EC3034F}.Debug|x64.ActiveCfg = Debug|Any CPU
		{4C809038-40DD-4DFC-8D4A-96581EC3034F}.Debug|x64.Build.0 = Debug|Any CPU
		{4C809038-40DD-4DFC-8D4A-96581EC3034F}.Debug|x86.ActiveCfg = Debug|Any CPU
		{4C809038-40DD-4DFC-8D4A-96581EC3034F}.Debug|x86.Build.0 = Debug|Any CPU
		{4C809038-40DD-4DFC-8D4A-96581EC3034F}.Release|Any CPU.ActiveCfg = Release|Any CPU
		{4C809038-40DD-4DFC-8D4A-96581EC3034F}.Release|Any CPU.Build.0 = Release|Any CPU
		{4C809038-40DD-4DFC-8D4A-96581EC3034F}.Release|x64.ActiveCfg = Release|Any CPU
		{4C809038-40DD-4DFC-8D4A-96581EC3034F}.Release|x64.Build.0 = Release|Any CPU
		{4C809038-40DD-4DFC-8D4A-96581EC3034F}.Release|x86.ActiveCfg = Release|Any CPU
		{4C809038-40DD-4DFC-8D4A-96581EC3034F}.Release|x86.Build.0 = Release|Any CPU
		{A43993A8-55B5-460B-A3C3-6A58F31F61C3}.Debug|Any CPU.ActiveCfg = Debug|Any CPU
		{A43993A8-55B5-460B-A3C3-6A58F31F61C3}.Debug|Any CPU.Build.0 = Debug|Any CPU
		{A43993A8-55B5-460B-A3C3-6A58F31F61C3}.Debug|x64.ActiveCfg = Debug|Any CPU
		{A43993A8-55B5-460B-A3C3-6A58F31F61C3}.Debug|x64.Build.0 = Debug|Any CPU
		{A43993A8-55B5-460B-A3C3-6A58F31F61C3}.Debug|x86.ActiveCfg = Debug|Any CPU
		{A43993A8-55B5-460B-A3C3-6A58F31F61C3}.Debug|x86.Build.0 = Debug|Any CPU
		{A43993A8-55B5-460B-A3C3-6A58F31F61C3}.Release|Any CPU.ActiveCfg = Release|Any CPU
		{A43993A8-55B5-460B-A3C3-6A58F31F61C3}.Release|Any CPU.Build.0 = Release|Any CPU
		{A43993A8-55B5-460B-A3C3-6A58F31F61C3}.Release|x64.ActiveCfg = Release|Any CPU
		{A43993A8-55B5-460B-A3C3-6A58F31F61C3}.Release|x64.Build.0 = Release|Any CPU
		{A43993A8-55B5-460B-A3C3-6A58F31F61C3}.Release|x86.ActiveCfg = Release|Any CPU
		{A43993A8-55B5-460B-A3C3-6A58F31F61C3}.Release|x86.Build.0 = Release|Any CPU
		{FEE502FB-CEA3-42AB-94EE-91341670F48D}.Debug|Any CPU.ActiveCfg = Debug|Any CPU
		{FEE502FB-CEA3-42AB-94EE-91341670F48D}.Debug|Any CPU.Build.0 = Debug|Any CPU
		{FEE502FB-CEA3-42AB-94EE-91341670F48D}.Debug|x64.ActiveCfg = Debug|Any CPU
		{FEE502FB-CEA3-42AB-94EE-91341670F48D}.Debug|x64.Build.0 = Debug|Any CPU
		{FEE502FB-CEA3-42AB-94EE-91341670F48D}.Debug|x86.ActiveCfg = Debug|Any CPU
		{FEE502FB-CEA3-42AB-94EE-91341670F48D}.Debug|x86.Build.0 = Debug|Any CPU
		{FEE502FB-CEA3-42AB-94EE-91341670F48D}.Release|Any CPU.ActiveCfg = Release|Any CPU
		{FEE502FB-CEA3-42AB-94EE-91341670F48D}.Release|Any CPU.Build.0 = Release|Any CPU
		{FEE502FB-CEA3-42AB-94EE-91341670F48D}.Release|x64.ActiveCfg = Release|Any CPU
		{FEE502FB-CEA3-42AB-94EE-91341670F48D}.Release|x64.Build.0 = Release|Any CPU
		{FEE502FB-CEA3-42AB-94EE-91341670F48D}.Release|x86.ActiveCfg = Release|Any CPU
		{FEE502FB-CEA3-42AB-94EE-91341670F48D}.Release|x86.Build.0 = Release|Any CPU
		{26FFD043-17A4-4471-8B7A-99F52CEAD270}.Debug|Any CPU.ActiveCfg = Debug|Any CPU
		{26FFD043-17A4-4471-8B7A-99F52CEAD270}.Debug|Any CPU.Build.0 = Debug|Any CPU
		{26FFD043-17A4-4471-8B7A-99F52CEAD270}.Debug|x64.ActiveCfg = Debug|Any CPU
		{26FFD043-17A4-4471-8B7A-99F52CEAD270}.Debug|x64.Build.0 = Debug|Any CPU
		{26FFD043-17A4-4471-8B7A-99F52CEAD270}.Debug|x86.ActiveCfg = Debug|Any CPU
		{26FFD043-17A4-4471-8B7A-99F52CEAD270}.Debug|x86.Build.0 = Debug|Any CPU
		{26FFD043-17A4-4471-8B7A-99F52CEAD270}.Release|Any CPU.ActiveCfg = Release|Any CPU
		{26FFD043-17A4-4471-8B7A-99F52CEAD270}.Release|Any CPU.Build.0 = Release|Any CPU
		{26FFD043-17A4-4471-8B7A-99F52CEAD270}.Release|x64.ActiveCfg = Release|Any CPU
		{26FFD043-17A4-4471-8B7A-99F52CEAD270}.Release|x64.Build.0 = Release|Any CPU
		{26FFD043-17A4-4471-8B7A-99F52CEAD270}.Release|x86.ActiveCfg = Release|Any CPU
		{26FFD043-17A4-4471-8B7A-99F52CEAD270}.Release|x86.Build.0 = Release|Any CPU
		{5D01CF69-0DDF-48DD-AEBE-02C6C9249267}.Debug|Any CPU.ActiveCfg = Debug|Any CPU
		{5D01CF69-0DDF-48DD-AEBE-02C6C9249267}.Debug|Any CPU.Build.0 = Debug|Any CPU
		{5D01CF69-0DDF-48DD-AEBE-02C6C9249267}.Debug|x64.ActiveCfg = Debug|Any CPU
		{5D01CF69-0DDF-48DD-AEBE-02C6C9249267}.Debug|x64.Build.0 = Debug|Any CPU
		{5D01CF69-0DDF-48DD-AEBE-02C6C9249267}.Debug|x86.ActiveCfg = Debug|Any CPU
		{5D01CF69-0DDF-48DD-AEBE-02C6C9249267}.Debug|x86.Build.0 = Debug|Any CPU
		{5D01CF69-0DDF-48DD-AEBE-02C6C9249267}.Release|Any CPU.ActiveCfg = Release|Any CPU
		{5D01CF69-0DDF-48DD-AEBE-02C6C9249267}.Release|Any CPU.Build.0 = Release|Any CPU
		{5D01CF69-0DDF-48DD-AEBE-02C6C9249267}.Release|x64.ActiveCfg = Release|Any CPU
		{5D01CF69-0DDF-48DD-AEBE-02C6C9249267}.Release|x64.Build.0 = Release|Any CPU
		{5D01CF69-0DDF-48DD-AEBE-02C6C9249267}.Release|x86.ActiveCfg = Release|Any CPU
		{5D01CF69-0DDF-48DD-AEBE-02C6C9249267}.Release|x86.Build.0 = Release|Any CPU
		{8EA9DF79-84F5-492E-AFDC-D62D30E56D2B}.Debug|Any CPU.ActiveCfg = Debug|Any CPU
		{8EA9DF79-84F5-492E-AFDC-D62D30E56D2B}.Debug|Any CPU.Build.0 = Debug|Any CPU
		{8EA9DF79-84F5-492E-AFDC-D62D30E56D2B}.Debug|x64.ActiveCfg = Debug|Any CPU
		{8EA9DF79-84F5-492E-AFDC-D62D30E56D2B}.Debug|x64.Build.0 = Debug|Any CPU
		{8EA9DF79-84F5-492E-AFDC-D62D30E56D2B}.Debug|x86.ActiveCfg = Debug|Any CPU
		{8EA9DF79-84F5-492E-AFDC-D62D30E56D2B}.Debug|x86.Build.0 = Debug|Any CPU
		{8EA9DF79-84F5-492E-AFDC-D62D30E56D2B}.Release|Any CPU.ActiveCfg = Release|Any CPU
		{8EA9DF79-84F5-492E-AFDC-D62D30E56D2B}.Release|Any CPU.Build.0 = Release|Any CPU
		{8EA9DF79-84F5-492E-AFDC-D62D30E56D2B}.Release|x64.ActiveCfg = Release|Any CPU
		{8EA9DF79-84F5-492E-AFDC-D62D30E56D2B}.Release|x64.Build.0 = Release|Any CPU
		{8EA9DF79-84F5-492E-AFDC-D62D30E56D2B}.Release|x86.ActiveCfg = Release|Any CPU
		{8EA9DF79-84F5-492E-AFDC-D62D30E56D2B}.Release|x86.Build.0 = Release|Any CPU
		{03266E2C-36D5-49BA-8D71-3996C7B5437D}.Debug|Any CPU.ActiveCfg = Debug|Any CPU
		{03266E2C-36D5-49BA-8D71-3996C7B5437D}.Debug|Any CPU.Build.0 = Debug|Any CPU
		{03266E2C-36D5-49BA-8D71-3996C7B5437D}.Debug|x64.ActiveCfg = Debug|Any CPU
		{03266E2C-36D5-49BA-8D71-3996C7B5437D}.Debug|x64.Build.0 = Debug|Any CPU
		{03266E2C-36D5-49BA-8D71-3996C7B5437D}.Debug|x86.ActiveCfg = Debug|Any CPU
		{03266E2C-36D5-49BA-8D71-3996C7B5437D}.Debug|x86.Build.0 = Debug|Any CPU
		{03266E2C-36D5-49BA-8D71-3996C7B5437D}.Release|Any CPU.ActiveCfg = Release|Any CPU
		{03266E2C-36D5-49BA-8D71-3996C7B5437D}.Release|Any CPU.Build.0 = Release|Any CPU
		{03266E2C-36D5-49BA-8D71-3996C7B5437D}.Release|x64.ActiveCfg = Release|Any CPU
		{03266E2C-36D5-49BA-8D71-3996C7B5437D}.Release|x64.Build.0 = Release|Any CPU
		{03266E2C-36D5-49BA-8D71-3996C7B5437D}.Release|x86.ActiveCfg = Release|Any CPU
		{03266E2C-36D5-49BA-8D71-3996C7B5437D}.Release|x86.Build.0 = Release|Any CPU
		{4DF4ED0A-B4B6-47B9-AC5A-C707566D8259}.Debug|Any CPU.ActiveCfg = Debug|Any CPU
		{4DF4ED0A-B4B6-47B9-AC5A-C707566D8259}.Debug|Any CPU.Build.0 = Debug|Any CPU
		{4DF4ED0A-B4B6-47B9-AC5A-C707566D8259}.Debug|x64.ActiveCfg = Debug|Any CPU
		{4DF4ED0A-B4B6-47B9-AC5A-C707566D8259}.Debug|x64.Build.0 = Debug|Any CPU
		{4DF4ED0A-B4B6-47B9-AC5A-C707566D8259}.Debug|x86.ActiveCfg = Debug|Any CPU
		{4DF4ED0A-B4B6-47B9-AC5A-C707566D8259}.Debug|x86.Build.0 = Debug|Any CPU
		{4DF4ED0A-B4B6-47B9-AC5A-C707566D8259}.Release|Any CPU.ActiveCfg = Release|Any CPU
		{4DF4ED0A-B4B6-47B9-AC5A-C707566D8259}.Release|Any CPU.Build.0 = Release|Any CPU
		{4DF4ED0A-B4B6-47B9-AC5A-C707566D8259}.Release|x64.ActiveCfg = Release|Any CPU
		{4DF4ED0A-B4B6-47B9-AC5A-C707566D8259}.Release|x64.Build.0 = Release|Any CPU
		{4DF4ED0A-B4B6-47B9-AC5A-C707566D8259}.Release|x86.ActiveCfg = Release|Any CPU
		{4DF4ED0A-B4B6-47B9-AC5A-C707566D8259}.Release|x86.Build.0 = Release|Any CPU
		{3CAA4C4F-379C-4F61-921A-EAC80A0F7BBC}.Debug|Any CPU.ActiveCfg = Debug|Any CPU
		{3CAA4C4F-379C-4F61-921A-EAC80A0F7BBC}.Debug|Any CPU.Build.0 = Debug|Any CPU
		{3CAA4C4F-379C-4F61-921A-EAC80A0F7BBC}.Debug|x64.ActiveCfg = Debug|Any CPU
		{3CAA4C4F-379C-4F61-921A-EAC80A0F7BBC}.Debug|x64.Build.0 = Debug|Any CPU
		{3CAA4C4F-379C-4F61-921A-EAC80A0F7BBC}.Debug|x86.ActiveCfg = Debug|Any CPU
		{3CAA4C4F-379C-4F61-921A-EAC80A0F7BBC}.Debug|x86.Build.0 = Debug|Any CPU
		{3CAA4C4F-379C-4F61-921A-EAC80A0F7BBC}.Release|Any CPU.ActiveCfg = Release|Any CPU
		{3CAA4C4F-379C-4F61-921A-EAC80A0F7BBC}.Release|Any CPU.Build.0 = Release|Any CPU
		{3CAA4C4F-379C-4F61-921A-EAC80A0F7BBC}.Release|x64.ActiveCfg = Release|Any CPU
		{3CAA4C4F-379C-4F61-921A-EAC80A0F7BBC}.Release|x64.Build.0 = Release|Any CPU
		{3CAA4C4F-379C-4F61-921A-EAC80A0F7BBC}.Release|x86.ActiveCfg = Release|Any CPU
		{3CAA4C4F-379C-4F61-921A-EAC80A0F7BBC}.Release|x86.Build.0 = Release|Any CPU
	EndGlobalSection
	GlobalSection(SolutionProperties) = preSolution
		HideSolutionNode = FALSE
	EndGlobalSection
	GlobalSection(NestedProjects) = preSolution
		{C413B827-CE9B-4D71-89FD-7CD2481CC557} = {827E0CD3-B72D-47B6-A68D-7590B98EB39B}
		{CB753486-031C-08A7-C788-4C8CBC49DED1} = {827E0CD3-B72D-47B6-A68D-7590B98EB39B}
		{9BC77A27-0EFE-4290-A1BA-D8606549DFAC} = {CB753486-031C-08A7-C788-4C8CBC49DED1}
		{4C809038-40DD-4DFC-8D4A-96581EC3034F} = {CB753486-031C-08A7-C788-4C8CBC49DED1}
		{A43993A8-55B5-460B-A3C3-6A58F31F61C3} = {CB753486-031C-08A7-C788-4C8CBC49DED1}
		{FEE502FB-CEA3-42AB-94EE-91341670F48D} = {CB753486-031C-08A7-C788-4C8CBC49DED1}
		{26FFD043-17A4-4471-8B7A-99F52CEAD270} = {CB753486-031C-08A7-C788-4C8CBC49DED1}
		{8107E861-C280-C499-84CD-237218396494} = {827E0CD3-B72D-47B6-A68D-7590B98EB39B}
		{5D01CF69-0DDF-48DD-AEBE-02C6C9249267} = {8107E861-C280-C499-84CD-237218396494}
		{8EA9DF79-84F5-492E-AFDC-D62D30E56D2B} = {8107E861-C280-C499-84CD-237218396494}
		{03266E2C-36D5-49BA-8D71-3996C7B5437D} = {8107E861-C280-C499-84CD-237218396494}
		{4DF4ED0A-B4B6-47B9-AC5A-C707566D8259} = {8107E861-C280-C499-84CD-237218396494}
		{3CAA4C4F-379C-4F61-921A-EAC80A0F7BBC} = {8107E861-C280-C499-84CD-237218396494}
	EndGlobalSection
EndGlobal
